id: a5b65790-baf9-4863-9726-240e6b5b0aa6
title:
  ru: "Начало работы"
  en: "Getting Started"
description:
  ru: "Создание репозитория, структура курса, настройка Obsidian"
  en: "Repository setup, course structure, Obsidian configuration"

lessons:
  - create-repo
  - course-structure
  - obsidian-setup

test:
  question_count: 5
  pass_threshold: 0.7
  prefer_failed: true
